# This file is autogenerated, do not edit; changes may be undone by the next 'dep ensure'.


[[projects]]
  branch = "master"
  name = "github.com/alicebob/alac"
  packages = ["."]
  revision = "838a288e23c9bc47b04112f3bb68a5537ce0c092"

[[projects]]
  branch = "master"
  name = "github.com/armon/go-metrics"
  packages = ["."]
  revision = "7aa49fde808223f8dadfdbfd3a20ff6c19e5f9ec"

[[projects]]
  name = "github.com/cenkalti/backoff"
  packages = ["."]
  revision = "61153c768f31ee5f130071d08fc82b85208528de"
  version = "v1.1.0"

[[projects]]
  branch = "master"
  name = "github.com/dustinkirkland/golang-petname"
  packages = ["."]
  revision = "d3c2ba80e75eeef10c5cf2fc76d2c809637376b3"

[[projects]]
  name = "github.com/envoyproxy/go-control-plane"
  packages = ["envoy/api/v2","envoy/api/v2/auth","envoy/api/v2/cluster","envoy/api/v2/core","envoy/api/v2/endpoint","envoy/api/v2/listener","envoy/api/v2/route","envoy/type"]
  revision = "7b403cf5db9547db2db5562a65454f9ae0dd4f4a"
  version = "v0.6.3"

[[projects]]
  name = "github.com/gogo/googleapis"
  packages = ["google/api","google/rpc"]
  revision = "8558fb44d2f1fc223118afc694129d2c2d2924d1"
  version = "v1.1.0"

[[projects]]
  name = "github.com/gogo/protobuf"
  packages = ["gogoproto","proto","protoc-gen-gogo/descriptor","sortkeys","types"]
  revision = "636bf0302bc95575d69441b25a2603156ffdddf1"
  version = "v1.1.1"

[[projects]]
  name = "github.com/golang/protobuf"
  packages = ["proto","protoc-gen-go/descriptor","ptypes","ptypes/any","ptypes/duration","ptypes/timestamp"]
  revision = "aa810b61a9c79d51363740d207bb46cf8e620ed5"
  version = "v1.2.0"

[[projects]]
  branch = "master"
  name = "github.com/gopherjs/gopherjs"
  packages = ["js"]
  revision = "444abdf920945de5d4a977b572bcc6c674d1e4eb"

[[projects]]
  branch = "master"
  name = "github.com/grandcat/zeroconf"
  packages = ["."]
  revision = "8219919fca892353a082b184bca66db55c55b583"

[[projects]]
  branch = "master"
  name = "github.com/hajimehoshi/oto"
  packages = [".","internal/jni"]
  revision = "ce369678328c1c03bf81fb98b73a86271ef8c45f"

[[projects]]
  branch = "master"
  name = "github.com/hashicorp/errwrap"
  packages = ["."]
  revision = "7554cd9344cec97297fa6649b055a8c98c2a1e55"

[[projects]]
  branch = "master"
  name = "github.com/hashicorp/go-immutable-radix"
  packages = ["."]
  revision = "59b67882ec612f43b9d4c4fd97cebd507be4b3ee"

[[projects]]
  branch = "master"
  name = "github.com/hashicorp/go-msgpack"
  packages = ["codec"]
  revision = "fa3f63826f7c23912c15263591e65d54d080b458"

[[projects]]
  branch = "master"
  name = "github.com/hashicorp/go-multierror"
  packages = ["."]
  revision = "b7773ae218740a7be65057fc60b366a49b538a44"

[[projects]]
  branch = "master"
  name = "github.com/hashicorp/go-sockaddr"
  packages = ["."]
  revision = "9b4c5fa5b10a683339a270d664474b9f4aee62fc"

[[projects]]
  branch = "master"
  name = "github.com/hashicorp/golang-lru"
  packages = ["simplelru"]
  revision = "0a025b7e63adc15a622f29b0b2c4c3848243bbf6"

[[projects]]
  name = "github.com/hashicorp/memberlist"
  packages = ["."]
  revision = "ce8abaa0c60c2d6bee7219f5ddf500e0a1457b28"
  version = "v0.1.0"

[[projects]]
  name = "github.com/lyft/protoc-gen-validate"
  packages = ["validate"]
  revision = "1ffd5e8db575ed8a61c7e0d415af263c39cef1ab"
  version = "v0.0.11"

[[projects]]
  branch = "master"
  name = "github.com/miekg/dns"
  packages = [".","internal/socket"]
  revision = "b38dc3dcb734f6ca3a830a1f92edf188330956c5"

[[projects]]
  name = "github.com/pelletier/go-toml"
  packages = ["."]
  revision = "c01d1270ff3e442a8a57cddc1c92dc1138598194"
  version = "v1.2.0"

[[projects]]
  branch = "master"
  name = "github.com/sean-/seed"
  packages = ["."]
  revision = "e2103e2c35297fb7e17febb81e49b312087a2372"

[[projects]]
  branch = "master"
  name = "golang.org/x/net"
  packages = ["bpf","context","http2","http2/hpack","idna","internal/iana","internal/socket","internal/timeseries","ipv4","ipv6","lex/httplex","trace"]
  revision = "01c190206fbdffa42f334f4b2bf2220f50e64920"

[[projects]]
  name = "golang.org/x/text"
  packages = ["collate","collate/build","internal/colltab","internal/gen","internal/tag","internal/triegen","internal/ucd","language","secure/bidirule","transform","unicode/bidi","unicode/cldr","unicode/norm","unicode/rangetable"]
  revision = "f21a4dfb5e38f5895301dc265a8def02365cc3d0"
  version = "v0.3.0"

[[projects]]
  branch = "master"
  name = "google.golang.org/genproto"
  packages = ["googleapis/rpc/status"]
  revision = "f8c8703595236ae70fdf8789ecb656ea0bcdcf46"

[[projects]]
  name = "google.golang.org/grpc"
  packages = [".","balancer","balancer/base","balancer/roundrobin","codes","connectivity","credentials","encoding","encoding/proto","grpclb/grpc_lb_v1/messages","grpclog","internal","keepalive","metadata","naming","peer","resolver","resolver/dns","resolver/passthrough","stats","status","tap","transport"]
  revision = "8e4536a86ab602859c20df5ebfd0bd4228d08655"
  version = "v1.10.0"

[solve-meta]
  analyzer-name = "dep"
  analyzer-version = 1
  inputs-digest = "f744ad0ca397e01ddcb0ee2d8a7adfef851d1b1379ce18bef4f787e8e696895b"
  solver-name = "gps-cdcl"
  solver-version = 1
